
Microsoft Visual Studio Solution File, Format Version 12.00
# Visual Studio Version 17
VisualStudioVersion = 17.6.33723.286
MinimumVisualStudioVersion = 10.0.40219.1
Project("{FAE04EC0-301F-11D3-BF4B-00C04F79EFBC}") = "sternografie E1", "sternografie E1\sternografie E1.csproj", "{0497DAFE-26FE-4620-BF04-E20896AEF496}"
EndProject
Global
	GlobalSection(SolutionConfigurationPlatforms) = preSolution
		Debug|Any CPU = Debug|Any CPU
		Release|Any CPU = Release|Any CPU
	EndGlobalSection
	GlobalSection(ProjectConfigurationPlatforms) = postSolution
		{0497DAFE-26FE-4620-BF04-E20896AEF496}.Debug|Any CPU.ActiveCfg = Debug|Any CPU
		{0497DAFE-26FE-4620-BF04-E20896AEF496}.Debug|Any CPU.Build.0 = Debug|Any CPU
		{0497DAFE-26FE-4620-BF04-E20896AEF496}.Release|Any CPU.ActiveCfg = Release|Any CPU
		{0497DAFE-26FE-4620-BF04-E20896AEF496}.Release|Any CPU.Build.0 = Release|Any CPU
	EndGlobalSection
	GlobalSection(SolutionProperties) = preSolution
		HideSolutionNode = FALSE
	EndGlobalSection
	GlobalSection(ExtensibilityGlobals) = postSolution
		SolutionGuid = {68CCDAA3-11B5-41EA-B051-0ED10BBB26E2}
	EndGlobalSection
EndGlobal
